
Microsoft Visual Studio Solution File, Format Version 12.00
# Visual Studio Version 17
VisualStudioVersion = 17.13.35818.85
MinimumVisualStudioVersion = 10.0.40219.1
Project("{FAE04EC0-301F-11D3-BF4B-00C04F79EFBC}") = "ConfRadar.Services", "ConfRadar.Services\ConfRadar.Services.csproj", "{1D777CB2-D9B4-40DE-BCD2-A5573C105417}"
EndProject
Project("{FAE04EC0-301F-11D3-BF4B-00C04F79EFBC}") = "ConfRadar.Repositories", "ConfRadar.Repositories\ConfRadar.Repositories.csproj", "{6027DC14-45F1-4435-808D-DFD32492C501}"
EndProject
Project("{FAE04EC0-301F-11D3-BF4B-00C04F79EFBC}") = "ConfRadar.Api", "ConfRadar.Api\ConfRadar.Api.csproj", "{6DE0B80E-BC7B-4F9B-809B-D5E88394F575}"
EndProject
Global
	GlobalSection(SolutionConfigurationPlatforms) = preSolution
		Debug|Any CPU = Debug|Any CPU
		Release|Any CPU = Release|Any CPU
	EndGlobalSection
	GlobalSection(ProjectConfigurationPlatforms) = postSolution
		{1D777CB2-D9B4-40DE-BCD2-A5573C105417}.Debug|Any CPU.ActiveCfg = Debug|Any CPU
		{1D777CB2-D9B4-40DE-BCD2-A5573C105417}.Debug|Any CPU.Build.0 = Debug|Any CPU
		{1D777CB2-D9B4-40DE-BCD2-A5573C105417}.Release|Any CPU.ActiveCfg = Release|Any CPU
		{1D777CB2-D9B4-40DE-BCD2-A5573C105417}.Release|Any CPU.Build.0 = Release|Any CPU
		{6027DC14-45F1-4435-808D-DFD32492C501}.Debug|Any CPU.ActiveCfg = Debug|Any CPU
		{6027DC14-45F1-4435-808D-DFD32492C501}.Debug|Any CPU.Build.0 = Debug|Any CPU
		{6027DC14-45F1-4435-808D-DFD32492C501}.Release|Any CPU.ActiveCfg = Release|Any CPU
		{6027DC14-45F1-4435-808D-DFD32492C501}.Release|Any CPU.Build.0 = Release|Any CPU
		{6DE0B80E-BC7B-4F9B-809B-D5E88394F575}.Debug|Any CPU.ActiveCfg = Debug|Any CPU
		{6DE0B80E-BC7B-4F9B-809B-D5E88394F575}.Debug|Any CPU.Build.0 = Debug|Any CPU
		{6DE0B80E-BC7B-4F9B-809B-D5E88394F575}.Release|Any CPU.ActiveCfg = Release|Any CPU
		{6DE0B80E-BC7B-4F9B-809B-D5E88394F575}.Release|Any CPU.Build.0 = Release|Any CPU
	EndGlobalSection
	GlobalSection(SolutionProperties) = preSolution
		HideSolutionNode = FALSE
	EndGlobalSection
	GlobalSection(ExtensibilityGlobals) = postSolution
		SolutionGuid = {4F92DABB-EECD-4D76-B350-F0333A4FCA54}
	EndGlobalSection
EndGlobal
