
Microsoft Visual Studio Solution File, Format Version 12.00
# Visual Studio Version 17
VisualStudioVersion = 17.13.35818.85
MinimumVisualStudioVersion = 10.0.40219.1
Project("{FAE04EC0-301F-11D3-BF4B-00C04F79EFBC}") = "ConfRadar.Services", "ConfRadar.Services\ConfRadar.Services.csproj", "{1D777CB2-D9B4-40DE-BCD2-A5573C105417}"
EndProject
Project("{FAE04EC0-301F-11D3-BF4B-00C04F79EFBC}") = "ConfRadar.Repositories", "ConfRadar.Repositories\ConfRadar.Repositories.csproj", "{6027DC14-45F1-4435-808D-DFD32492C501}"
EndProject
Project("{FAE04EC0-301F-11D3-BF4B-00C04F79EFBC}") = "ConfRadar.Api", "ConfRadar.Api\ConfRadar.Api.csproj", "{6DE0B80E-BC7B-4F9B-809B-D5E88394F575}"
EndProject
Project("{FAE04EC0-301F-11D3-BF4B-00C04F79EFBC}") = "ConfRadar.Shared", "ConfRadar.Shared\ConfRadar.Shared.csproj", "{D2BC23AB-E8B4-4FE5-A67D-AA8D990B40E0}"
EndProject
Project("{FAE04EC0-301F-11D3-BF4B-00C04F79EFBC}") = "ConfRadar.UnitTests", "..\ConfRadar.Tests\ConfRadar.UnitTests\ConfRadar.UnitTests.csproj", "{0DD54ED1-C2D9-4EF7-BD6F-704F74B5B98C}"
EndProject
Project("{FAE04EC0-301F-11D3-BF4B-00C04F79EFBC}") = "ConfRadar.IntegrationTests", "..\ConfRadar.Tests\ConfRadar.IntegrationTests\ConfRadar.IntegrationTests.csproj", "{FED95556-AD7A-4348-A784-986A66C11391}"
EndProject
Global
	GlobalSection(SolutionConfigurationPlatforms) = preSolution
		Debug|Any CPU = Debug|Any CPU
		Debug|x64 = Debug|x64
		Debug|x86 = Debug|x86
		Release|Any CPU = Release|Any CPU
		Release|x64 = Release|x64
		Release|x86 = Release|x86
	EndGlobalSection
	GlobalSection(ProjectConfigurationPlatforms) = postSolution
		{1D777CB2-D9B4-40DE-BCD2-A5573C105417}.Debug|Any CPU.ActiveCfg = Debug|Any CPU
		{1D777CB2-D9B4-40DE-BCD2-A5573C105417}.Debug|Any CPU.Build.0 = Debug|Any CPU
		{1D777CB2-D9B4-40DE-BCD2-A5573C105417}.Debug|x64.ActiveCfg = Debug|Any CPU
		{1D777CB2-D9B4-40DE-BCD2-A5573C105417}.Debug|x64.Build.0 = Debug|Any CPU
		{1D777CB2-D9B4-40DE-BCD2-A5573C105417}.Debug|x86.ActiveCfg = Debug|Any CPU
		{1D777CB2-D9B4-40DE-BCD2-A5573C105417}.Debug|x86.Build.0 = Debug|Any CPU
		{1D777CB2-D9B4-40DE-BCD2-A5573C105417}.Release|Any CPU.ActiveCfg = Release|Any CPU
		{1D777CB2-D9B4-40DE-BCD2-A5573C105417}.Release|Any CPU.Build.0 = Release|Any CPU
		{1D777CB2-D9B4-40DE-BCD2-A5573C105417}.Release|x64.ActiveCfg = Release|Any CPU
		{1D777CB2-D9B4-40DE-BCD2-A5573C105417}.Release|x64.Build.0 = Release|Any CPU
		{1D777CB2-D9B4-40DE-BCD2-A5573C105417}.Release|x86.ActiveCfg = Release|Any CPU
		{1D777CB2-D9B4-40DE-BCD2-A5573C105417}.Release|x86.Build.0 = Release|Any CPU
		{6027DC14-45F1-4435-808D-DFD32492C501}.Debug|Any CPU.ActiveCfg = Debug|Any CPU
		{6027DC14-45F1-4435-808D-DFD32492C501}.Debug|Any CPU.Build.0 = Debug|Any CPU
		{6027DC14-45F1-4435-808D-DFD32492C501}.Debug|x64.ActiveCfg = Debug|Any CPU
		{6027DC14-45F1-4435-808D-DFD32492C501}.Debug|x64.Build.0 = Debug|Any CPU
		{6027DC14-45F1-4435-808D-DFD32492C501}.Debug|x86.ActiveCfg = Debug|Any CPU
		{6027DC14-45F1-4435-808D-DFD32492C501}.Debug|x86.Build.0 = Debug|Any CPU
		{6027DC14-45F1-4435-808D-DFD32492C501}.Release|Any CPU.ActiveCfg = Release|Any CPU
		{6027DC14-45F1-4435-808D-DFD32492C501}.Release|Any CPU.Build.0 = Release|Any CPU
		{6027DC14-45F1-4435-808D-DFD32492C501}.Release|x64.ActiveCfg = Release|Any CPU
		{6027DC14-45F1-4435-808D-DFD32492C501}.Release|x64.Build.0 = Release|Any CPU
		{6027DC14-45F1-4435-808D-DFD32492C501}.Release|x86.ActiveCfg = Release|Any CPU
		{6027DC14-45F1-4435-808D-DFD32492C501}.Release|x86.Build.0 = Release|Any CPU
		{6DE0B80E-BC7B-4F9B-809B-D5E88394F575}.Debug|Any CPU.ActiveCfg = Debug|Any CPU
		{6DE0B80E-BC7B-4F9B-809B-D5E88394F575}.Debug|Any CPU.Build.0 = Debug|Any CPU
		{6DE0B80E-BC7B-4F9B-809B-D5E88394F575}.Debug|x64.ActiveCfg = Debug|Any CPU
		{6DE0B80E-BC7B-4F9B-809B-D5E88394F575}.Debug|x64.Build.0 = Debug|Any CPU
		{6DE0B80E-BC7B-4F9B-809B-D5E88394F575}.Debug|x86.ActiveCfg = Debug|Any CPU
		{6DE0B80E-BC7B-4F9B-809B-D5E88394F575}.Debug|x86.Build.0 = Debug|Any CPU
		{6DE0B80E-BC7B-4F9B-809B-D5E88394F575}.Release|Any CPU.ActiveCfg = Release|Any CPU
		{6DE0B80E-BC7B-4F9B-809B-D5E88394F575}.Release|Any CPU.Build.0 = Release|Any CPU
		{6DE0B80E-BC7B-4F9B-809B-D5E88394F575}.Release|x64.ActiveCfg = Release|Any CPU
		{6DE0B80E-BC7B-4F9B-809B-D5E88394F575}.Release|x64.Build.0 = Release|Any CPU
		{6DE0B80E-BC7B-4F9B-809B-D5E88394F575}.Release|x86.ActiveCfg = Release|Any CPU
		{6DE0B80E-BC7B-4F9B-809B-D5E88394F575}.Release|x86.Build.0 = Release|Any CPU
		{D2BC23AB-E8B4-4FE5-A67D-AA8D990B40E0}.Debug|Any CPU.ActiveCfg = Debug|Any CPU
		{D2BC23AB-E8B4-4FE5-A67D-AA8D990B40E0}.Debug|Any CPU.Build.0 = Debug|Any CPU
		{D2BC23AB-E8B4-4FE5-A67D-AA8D990B40E0}.Debug|x64.ActiveCfg = Debug|Any CPU
		{D2BC23AB-E8B4-4FE5-A67D-AA8D990B40E0}.Debug|x64.Build.0 = Debug|Any CPU
		{D2BC23AB-E8B4-4FE5-A67D-AA8D990B40E0}.Debug|x86.ActiveCfg = Debug|Any CPU
		{D2BC23AB-E8B4-4FE5-A67D-AA8D990B40E0}.Debug|x86.Build.0 = Debug|Any CPU
		{D2BC23AB-E8B4-4FE5-A67D-AA8D990B40E0}.Release|Any CPU.ActiveCfg = Release|Any CPU
		{D2BC23AB-E8B4-4FE5-A67D-AA8D990B40E0}.Release|Any CPU.Build.0 = Release|Any CPU
		{D2BC23AB-E8B4-4FE5-A67D-AA8D990B40E0}.Release|x64.ActiveCfg = Release|Any CPU
		{D2BC23AB-E8B4-4FE5-A67D-AA8D990B40E0}.Release|x64.Build.0 = Release|Any CPU
		{D2BC23AB-E8B4-4FE5-A67D-AA8D990B40E0}.Release|x86.ActiveCfg = Release|Any CPU
		{D2BC23AB-E8B4-4FE5-A67D-AA8D990B40E0}.Release|x86.Build.0 = Release|Any CPU
		{0DD54ED1-C2D9-4EF7-BD6F-704F74B5B98C}.Debug|Any CPU.ActiveCfg = Debug|Any CPU
		{0DD54ED1-C2D9-4EF7-BD6F-704F74B5B98C}.Debug|Any CPU.Build.0 = Debug|Any CPU
		{0DD54ED1-C2D9-4EF7-BD6F-704F74B5B98C}.Debug|x64.ActiveCfg = Debug|Any CPU
		{0DD54ED1-C2D9-4EF7-BD6F-704F74B5B98C}.Debug|x64.Build.0 = Debug|Any CPU
		{0DD54ED1-C2D9-4EF7-BD6F-704F74B5B98C}.Debug|x86.ActiveCfg = Debug|Any CPU
		{0DD54ED1-C2D9-4EF7-BD6F-704F74B5B98C}.Debug|x86.Build.0 = Debug|Any CPU
		{0DD54ED1-C2D9-4EF7-BD6F-704F74B5B98C}.Release|Any CPU.ActiveCfg = Release|Any CPU
		{0DD54ED1-C2D9-4EF7-BD6F-704F74B5B98C}.Release|Any CPU.Build.0 = Release|Any CPU
		{0DD54ED1-C2D9-4EF7-BD6F-704F74B5B98C}.Release|x64.ActiveCfg = Release|Any CPU
		{0DD54ED1-C2D9-4EF7-BD6F-704F74B5B98C}.Release|x64.Build.0 = Release|Any CPU
		{0DD54ED1-C2D9-4EF7-BD6F-704F74B5B98C}.Release|x86.ActiveCfg = Release|Any CPU
		{0DD54ED1-C2D9-4EF7-BD6F-704F74B5B98C}.Release|x86.Build.0 = Release|Any CPU
		{FED95556-AD7A-4348-A784-986A66C11391}.Debug|Any CPU.ActiveCfg = Debug|Any CPU
		{FED95556-AD7A-4348-A784-986A66C11391}.Debug|Any CPU.Build.0 = Debug|Any CPU
		{FED95556-AD7A-4348-A784-986A66C11391}.Debug|x64.ActiveCfg = Debug|Any CPU
		{FED95556-AD7A-4348-A784-986A66C11391}.Debug|x64.Build.0 = Debug|Any CPU
		{FED95556-AD7A-4348-A784-986A66C11391}.Debug|x86.ActiveCfg = Debug|Any CPU
		{FED95556-AD7A-4348-A784-986A66C11391}.Debug|x86.Build.0 = Debug|Any CPU
		{FED95556-AD7A-4348-A784-986A66C11391}.Release|Any CPU.ActiveCfg = Release|Any CPU
		{FED95556-AD7A-4348-A784-986A66C11391}.Release|Any CPU.Build.0 = Release|Any CPU
		{FED95556-AD7A-4348-A784-986A66C11391}.Release|x64.ActiveCfg = Release|Any CPU
		{FED95556-AD7A-4348-A784-986A66C11391}.Release|x64.Build.0 = Release|Any CPU
		{FED95556-AD7A-4348-A784-986A66C11391}.Release|x86.ActiveCfg = Release|Any CPU
		{FED95556-AD7A-4348-A784-986A66C11391}.Release|x86.Build.0 = Release|Any CPU
	EndGlobalSection
	GlobalSection(SolutionProperties) = preSolution
		HideSolutionNode = FALSE
	EndGlobalSection
	GlobalSection(ExtensibilityGlobals) = postSolution
		SolutionGuid = {4F92DABB-EECD-4D76-B350-F0333A4FCA54}
	EndGlobalSection
EndGlobal
